
Microsoft Visual Studio Solution File, Format Version 12.00
# Visual Studio Version 17
VisualStudioVersion = 17.3.32811.315
MinimumVisualStudioVersion = 10.0.40219.1
Project("{8BC9CEB8-8B4A-11D0-8D11-00A0C91BC942}") = "Catalog", "Catalog\Catalog.vcxproj", "{57FA58F7-8044-4CA4-8391-F5A9D69933AA}"
EndProject
Global
	GlobalSection(SolutionConfigurationPlatforms) = preSolution
		Debug|x64 = Debug|x64
		Debug|x86 = Debug|x86
		Release|x64 = Release|x64
		Release|x86 = Release|x86
	EndGlobalSection
	GlobalSection(ProjectConfigurationPlatforms) = postSolution
		{57FA58F7-8044-4CA4-8391-F5A9D69933AA}.Debug|x64.ActiveCfg = Debug|x64
		{57FA58F7-8044-4CA4-8391-F5A9D69933AA}.Debug|x64.Build.0 = Debug|x64
		{57FA58F7-8044-4CA4-8391-F5A9D69933AA}.Debug|x86.ActiveCfg = Debug|Win32
		{57FA58F7-8044-4CA4-8391-F5A9D69933AA}.Debug|x86.Build.0 = Debug|Win32
		{57FA58F7-8044-4CA4-8391-F5A9D69933AA}.Release|x64.ActiveCfg = Release|x64
		{57FA58F7-8044-4CA4-8391-F5A9D69933AA}.Release|x64.Build.0 = Release|x64
		{57FA58F7-8044-4CA4-8391-F5A9D69933AA}.Release|x86.ActiveCfg = Release|Win32
		{57FA58F7-8044-4CA4-8391-F5A9D69933AA}.Release|x86.Build.0 = Release|Win32
	EndGlobalSection
	GlobalSection(SolutionProperties) = preSolution
		HideSolutionNode = FALSE
	EndGlobalSection
	GlobalSection(ExtensibilityGlobals) = postSolution
		SolutionGuid = {68D5B0BF-74DA-42B6-906E-B6A4101253E7}
	EndGlobalSection
EndGlobal
